
Microsoft Visual Studio Solution File, Format Version 12.00
# Visual Studio Version 17
VisualStudioVersion = 17.6.33723.286
MinimumVisualStudioVersion = 10.0.40219.1
Project("{FAE04EC0-301F-11D3-BF4B-00C04F79EFBC}") = "DiscoverHelper", "DiscoverHelper\DiscoverHelper.csproj", "{D30808CD-0758-473E-A36D-B9F83FC8BF0E}"
EndProject
Global
	GlobalSection(SolutionConfigurationPlatforms) = preSolution
		Debug|Any CPU = Debug|Any CPU
		Release|Any CPU = Release|Any CPU
	EndGlobalSection
	GlobalSection(ProjectConfigurationPlatforms) = postSolution
		{D30808CD-0758-473E-A36D-B9F83FC8BF0E}.Debug|Any CPU.ActiveCfg = Debug|Any CPU
		{D30808CD-0758-473E-A36D-B9F83FC8BF0E}.Debug|Any CPU.Build.0 = Debug|Any CPU
		{D30808CD-0758-473E-A36D-B9F83FC8BF0E}.Release|Any CPU.ActiveCfg = Release|Any CPU
		{D30808CD-0758-473E-A36D-B9F83FC8BF0E}.Release|Any CPU.Build.0 = Release|Any CPU
	EndGlobalSection
	GlobalSection(SolutionProperties) = preSolution
		HideSolutionNode = FALSE
	EndGlobalSection
	GlobalSection(ExtensibilityGlobals) = postSolution
		SolutionGuid = {884AFB10-60A9-4608-BC6E-C68735D3AC9D}
	EndGlobalSection
EndGlobal
